
Microsoft Visual Studio Solution File, Format Version 12.00
# Visual Studio Version 17
VisualStudioVersion = 17.7.34018.315
MinimumVisualStudioVersion = 10.0.40219.1
Project("{FAE04EC0-301F-11D3-BF4B-00C04F79EFBC}") = "Buzzit.Service", "Buzzit.Service\Buzzit.Service.csproj", "{7B3AB8E7-CEA5-4725-ADD4-2386EA613ED9}"
EndProject
Project("{FAE04EC0-301F-11D3-BF4B-00C04F79EFBC}") = "Buzzit.Model", "Buzzit.Model\Buzzit.Model.csproj", "{3D40FF72-AFDA-42FC-8751-CB019B1F4594}"
EndProject
Global
	GlobalSection(SolutionConfigurationPlatforms) = preSolution
		Debug|Any CPU = Debug|Any CPU
		Release|Any CPU = Release|Any CPU
	EndGlobalSection
	GlobalSection(ProjectConfigurationPlatforms) = postSolution
		{7B3AB8E7-CEA5-4725-ADD4-2386EA613ED9}.Debug|Any CPU.ActiveCfg = Debug|Any CPU
		{7B3AB8E7-CEA5-4725-ADD4-2386EA613ED9}.Debug|Any CPU.Build.0 = Debug|Any CPU
		{7B3AB8E7-CEA5-4725-ADD4-2386EA613ED9}.Release|Any CPU.ActiveCfg = Release|Any CPU
		{7B3AB8E7-CEA5-4725-ADD4-2386EA613ED9}.Release|Any CPU.Build.0 = Release|Any CPU
		{3D40FF72-AFDA-42FC-8751-CB019B1F4594}.Debug|Any CPU.ActiveCfg = Debug|Any CPU
		{3D40FF72-AFDA-42FC-8751-CB019B1F4594}.Debug|Any CPU.Build.0 = Debug|Any CPU
		{3D40FF72-AFDA-42FC-8751-CB019B1F4594}.Release|Any CPU.ActiveCfg = Release|Any CPU
		{3D40FF72-AFDA-42FC-8751-CB019B1F4594}.Release|Any CPU.Build.0 = Release|Any CPU
	EndGlobalSection
	GlobalSection(SolutionProperties) = preSolution
		HideSolutionNode = FALSE
	EndGlobalSection
	GlobalSection(ExtensibilityGlobals) = postSolution
		SolutionGuid = {1FB3E224-1D89-4DB5-AC54-249D9959EBFA}
	EndGlobalSection
EndGlobal
